
Microsoft Visual Studio Solution File, Format Version 12.00
# Visual Studio Version 16
VisualStudioVersion = 16.0.30114.105
MinimumVisualStudioVersion = 10.0.40219.1
Project("{FAE04EC0-301F-11D3-BF4B-00C04F79EFBC}") = "Service1", "Service1\Service1.csproj", "{EA2DCB74-9885-43EE-A60E-65AC843231B7}"
EndProject
Project("{FAE04EC0-301F-11D3-BF4B-00C04F79EFBC}") = "Service2", "Service2\Service2.csproj", "{E79FE736-7D5B-40E6-BA6F-0D092967FA29}"
EndProject
Project("{FAE04EC0-301F-11D3-BF4B-00C04F79EFBC}") = "ServiceGateway", "ServiceGateway\ServiceGateway.csproj", "{338D16D2-CAD0-4675-8B7F-733DACE50099}"
EndProject
Global
	GlobalSection(SolutionConfigurationPlatforms) = preSolution
		Debug|Any CPU = Debug|Any CPU
		Release|Any CPU = Release|Any CPU
	EndGlobalSection
	GlobalSection(SolutionProperties) = preSolution
		HideSolutionNode = FALSE
	EndGlobalSection
	GlobalSection(ProjectConfigurationPlatforms) = postSolution
		{EA2DCB74-9885-43EE-A60E-65AC843231B7}.Debug|Any CPU.ActiveCfg = Debug|Any CPU
		{EA2DCB74-9885-43EE-A60E-65AC843231B7}.Debug|Any CPU.Build.0 = Debug|Any CPU
		{EA2DCB74-9885-43EE-A60E-65AC843231B7}.Release|Any CPU.ActiveCfg = Release|Any CPU
		{EA2DCB74-9885-43EE-A60E-65AC843231B7}.Release|Any CPU.Build.0 = Release|Any CPU
		{E79FE736-7D5B-40E6-BA6F-0D092967FA29}.Debug|Any CPU.ActiveCfg = Debug|Any CPU
		{E79FE736-7D5B-40E6-BA6F-0D092967FA29}.Debug|Any CPU.Build.0 = Debug|Any CPU
		{E79FE736-7D5B-40E6-BA6F-0D092967FA29}.Release|Any CPU.ActiveCfg = Release|Any CPU
		{E79FE736-7D5B-40E6-BA6F-0D092967FA29}.Release|Any CPU.Build.0 = Release|Any CPU
		{338D16D2-CAD0-4675-8B7F-733DACE50099}.Debug|Any CPU.ActiveCfg = Debug|Any CPU
		{338D16D2-CAD0-4675-8B7F-733DACE50099}.Debug|Any CPU.Build.0 = Debug|Any CPU
		{338D16D2-CAD0-4675-8B7F-733DACE50099}.Release|Any CPU.ActiveCfg = Release|Any CPU
		{338D16D2-CAD0-4675-8B7F-733DACE50099}.Release|Any CPU.Build.0 = Release|Any CPU
	EndGlobalSection
EndGlobal
